
Microsoft Visual Studio Solution File, Format Version 12.00
# Visual Studio Version 17
VisualStudioVersion = 17.7.34003.232
MinimumVisualStudioVersion = 10.0.40219.1
Project("{FAE04EC0-301F-11D3-BF4B-00C04F79EFBC}") = "ContactsManager.UI", "ContactsManager.UI\ContactsManager.UI.csproj", "{4B62D022-0560-4148-9122-48A69BCF9336}"
EndProject
Project("{2150E333-8FDC-42A3-9474-1A3956D46DE8}") = "src", "src", "{84A4ACC8-0F69-45CC-A230-38F756C74F13}"
EndProject
Project("{2150E333-8FDC-42A3-9474-1A3956D46DE8}") = "tests", "tests", "{D2EA8490-3BA6-4BE4-B240-4A203D94FA1D}"
EndProject
Project("{FAE04EC0-301F-11D3-BF4B-00C04F79EFBC}") = "ContactsManager.Core", "ContactsManager.Core\ContactsManager.Core.csproj", "{94E39F4A-3D91-4434-B10A-E16E744FCE06}"
EndProject
Project("{FAE04EC0-301F-11D3-BF4B-00C04F79EFBC}") = "ContactsManager.Infrastructure", "ContactsManager.Infrastructure\ContactsManager.Infrastructure.csproj", "{76AD06B1-FADF-476A-9618-87586EB882D8}"
EndProject
Global
	GlobalSection(SolutionConfigurationPlatforms) = preSolution
		Debug|Any CPU = Debug|Any CPU
		Release|Any CPU = Release|Any CPU
	EndGlobalSection
	GlobalSection(ProjectConfigurationPlatforms) = postSolution
		{4B62D022-0560-4148-9122-48A69BCF9336}.Debug|Any CPU.ActiveCfg = Debug|Any CPU
		{4B62D022-0560-4148-9122-48A69BCF9336}.Debug|Any CPU.Build.0 = Debug|Any CPU
		{4B62D022-0560-4148-9122-48A69BCF9336}.Release|Any CPU.ActiveCfg = Release|Any CPU
		{4B62D022-0560-4148-9122-48A69BCF9336}.Release|Any CPU.Build.0 = Release|Any CPU
		{94E39F4A-3D91-4434-B10A-E16E744FCE06}.Debug|Any CPU.ActiveCfg = Debug|Any CPU
		{94E39F4A-3D91-4434-B10A-E16E744FCE06}.Debug|Any CPU.Build.0 = Debug|Any CPU
		{94E39F4A-3D91-4434-B10A-E16E744FCE06}.Release|Any CPU.ActiveCfg = Release|Any CPU
		{94E39F4A-3D91-4434-B10A-E16E744FCE06}.Release|Any CPU.Build.0 = Release|Any CPU
		{76AD06B1-FADF-476A-9618-87586EB882D8}.Debug|Any CPU.ActiveCfg = Debug|Any CPU
		{76AD06B1-FADF-476A-9618-87586EB882D8}.Debug|Any CPU.Build.0 = Debug|Any CPU
		{76AD06B1-FADF-476A-9618-87586EB882D8}.Release|Any CPU.ActiveCfg = Release|Any CPU
		{76AD06B1-FADF-476A-9618-87586EB882D8}.Release|Any CPU.Build.0 = Release|Any CPU
	EndGlobalSection
	GlobalSection(SolutionProperties) = preSolution
		HideSolutionNode = FALSE
	EndGlobalSection
	GlobalSection(NestedProjects) = preSolution
		{4B62D022-0560-4148-9122-48A69BCF9336} = {84A4ACC8-0F69-45CC-A230-38F756C74F13}
		{94E39F4A-3D91-4434-B10A-E16E744FCE06} = {84A4ACC8-0F69-45CC-A230-38F756C74F13}
		{76AD06B1-FADF-476A-9618-87586EB882D8} = {84A4ACC8-0F69-45CC-A230-38F756C74F13}
	EndGlobalSection
	GlobalSection(ExtensibilityGlobals) = postSolution
		SolutionGuid = {CF356685-B37E-4576-AF3E-796E99B5A192}
	EndGlobalSection
EndGlobal
